
Microsoft Visual Studio Solution File, Format Version 12.00
# Visual Studio 15
VisualStudioVersion = 15.0.27130.2020
MinimumVisualStudioVersion = 10.0.40219.1
Project("{FAE04EC0-301F-11D3-BF4B-00C04F79EFBC}") = "BrewDay2", "BrewDay2\BrewDay2.csproj", "{6CB3E7A8-CFC3-4DEF-A84D-6986A7B2989C}"
EndProject
Global
	GlobalSection(SolutionConfigurationPlatforms) = preSolution
		Debug|Any CPU = Debug|Any CPU
		Release|Any CPU = Release|Any CPU
	EndGlobalSection
	GlobalSection(ProjectConfigurationPlatforms) = postSolution
		{6CB3E7A8-CFC3-4DEF-A84D-6986A7B2989C}.Debug|Any CPU.ActiveCfg = Debug|Any CPU
		{6CB3E7A8-CFC3-4DEF-A84D-6986A7B2989C}.Debug|Any CPU.Build.0 = Debug|Any CPU
		{6CB3E7A8-CFC3-4DEF-A84D-6986A7B2989C}.Release|Any CPU.ActiveCfg = Release|Any CPU
		{6CB3E7A8-CFC3-4DEF-A84D-6986A7B2989C}.Release|Any CPU.Build.0 = Release|Any CPU
	EndGlobalSection
	GlobalSection(SolutionProperties) = preSolution
		HideSolutionNode = FALSE
	EndGlobalSection
	GlobalSection(ExtensibilityGlobals) = postSolution
		SolutionGuid = {EDD8C68A-2B00-4806-9619-2AB9F75E796D}
	EndGlobalSection
EndGlobal
